{
  "nodes": {
    "backupmgr": {
      "inputs": {
        "flake-utils": [
          "flake-utils"
        ],
        "nixpkgs": [
          "nixpkgs"
        ]
      },
      "locked": {
        "lastModified": 1764402296,
        "narHash": "sha256-jtKfrToVWQiVw2jrgpJ+adrTNAnnlfpvo7GjX1owaEo=",
        "ref": "refs/heads/main",
        "rev": "3ad22a6aad414e59799d8951e3f6088d493d0dbc",
        "revCount": 45,
        "type": "git",
        "url": "https://git.foxden.network/FoxDen/backupmgr"
      },
      "original": {
        "type": "git",
        "url": "https://git.foxden.network/FoxDen/backupmgr"
      }
    },
    "carvera-pendant": {
      "inputs": {
        "flake-utils": [
          "flake-utils"
        ],
        "nixpkgs": [
          "nixpkgs"
        ]
      },
      "locked": {
        "lastModified": 1765395570,
        "narHash": "sha256-H4gTvX5khBcphDb3AsE3u9x61LS6BC+GEvDC6QjBI18=",
        "ref": "refs/heads/main",
        "rev": "ecefaeda254ec5ed7a4d2c1d416ba0f38b7f8d6b",
        "revCount": 598,
        "type": "git",
        "url": "https://git.foxden.network/FoxDen/carvera-pendant"
      },
      "original": {
        "type": "git",
        "url": "https://git.foxden.network/FoxDen/carvera-pendant"
      }
    },
    "crane": {
      "locked": {
        "lastModified": 1765145449,
        "narHash": "sha256-aBVHGWWRzSpfL++LubA0CwOOQ64WNLegrYHwsVuVN7A=",
        "owner": "ipetkov",
        "repo": "crane",
        "rev": "69f538cdce5955fcd47abfed4395dc6d5194c1c5",
        "type": "github"
      },
      "original": {
        "owner": "ipetkov",
        "repo": "crane",
        "type": "github"
      }
    },
    "darksignsonline": {
      "inputs": {
        "flake-utils": [
          "flake-utils"
        ],
        "nixpkgs": [
          "nixpkgs"
        ]
      },
      "locked": {
        "lastModified": 1765518700,
        "narHash": "sha256-v65azoVJbWfjRTE5Gdv3c6/PEDeMz9uBcTaMHU9MTPk=",
        "owner": "Doridian",
        "repo": "DarkSignsOnline",
        "rev": "58a253ba64e8a4a2dcddf757a9822ddd85483021",
        "type": "github"
      },
      "original": {
        "owner": "Doridian",
        "repo": "DarkSignsOnline",
        "type": "github"
      }
    },
    "e621dumper": {
      "inputs": {
        "flake-utils": [
          "flake-utils"
        ],
        "nixpkgs": [
          "nixpkgs"
        ]
      },
      "locked": {
        "lastModified": 1765395566,
        "narHash": "sha256-fQy7EknQ4r4//Dez9gFo/JBwiYhnKZfqA3VrORIQNDI=",
        "ref": "refs/heads/main",
        "rev": "895d1979b0ad0319a32a2e9bc7e25fd43c51062c",
        "revCount": 615,
        "type": "git",
        "url": "https://git.foxden.network/FoxDen/e621dumper"
      },
      "original": {
        "type": "git",
        "url": "https://git.foxden.network/FoxDen/e621dumper"
      }
    },
    "fadumper": {
      "inputs": {
        "flake-utils": [
          "flake-utils"
        ],
        "nixpkgs": [
          "nixpkgs"
        ]
      },
      "locked": {
        "lastModified": 1765395563,
        "narHash": "sha256-V9Nqp2wCKUQ59JZUJ2WFXooqXTODttGyfTsZ3wgN4h4=",
        "ref": "refs/heads/main",
        "rev": "8ac557558b8a6114533cd8b71383062e6759bc58",
        "revCount": 620,
        "type": "git",
        "url": "https://git.foxden.network/FoxDen/fadumper"
      },
      "original": {
        "type": "git",
        "url": "https://git.foxden.network/FoxDen/fadumper"
      }
    },
    "flake-compat": {
      "flake": false,
      "locked": {
        "lastModified": 1761588595,
        "narHash": "sha256-XKUZz9zewJNUj46b4AJdiRZJAvSZ0Dqj2BNfXvFlJC4=",
        "owner": "edolstra",
        "repo": "flake-compat",
        "rev": "f387cd2afec9419c8ee37694406ca490c3f34ee5",
        "type": "github"
      },
      "original": {
        "owner": "edolstra",
        "repo": "flake-compat",
        "type": "github"
      }
    },
    "flake-utils": {
      "inputs": {
        "systems": "systems"
      },
      "locked": {
        "lastModified": 1731533236,
        "narHash": "sha256-l0KFg5HjrsfsO/JpG+r7fRrqm12kzFHyUHqHCVpMMbI=",
        "owner": "numtide",
        "repo": "flake-utils",
        "rev": "11707dc2f618dd54ca8739b309ec4fc024de578b",
        "type": "github"
      },
      "original": {
        "owner": "numtide",
        "repo": "flake-utils",
        "type": "github"
      }
    },
    "foxcaves": {
      "inputs": {
        "flake-utils": [
          "flake-utils"
        ],
        "nixpkgs": [
          "nixpkgs"
        ]
      },
      "locked": {
        "lastModified": 1765395586,
        "narHash": "sha256-nJ9DdYPoJgna8gVM/xIAz+QCMqiTwO+Crn7eEtoG3l4=",
        "ref": "refs/heads/main",
        "rev": "f067f87e9e969a6e0a4978fac567a600ec03be88",
        "revCount": 3713,
        "type": "git",
        "url": "https://git.foxden.network/foxCaves/foxCaves"
      },
      "original": {
        "type": "git",
        "url": "https://git.foxden.network/foxCaves/foxCaves"
      }
    },
    "gitbackup": {
      "inputs": {
        "flake-utils": [
          "flake-utils"
        ],
        "nixpkgs": [
          "nixpkgs"
        ],
        "pyproject-build-systems": [
          "pyproject-build-systems"
        ],
        "pyproject-nix": [
          "pyproject-nix"
        ],
        "uv2nix": [
          "uv2nix"
        ]
      },
      "locked": {
        "lastModified": 1765157046,
        "narHash": "sha256-zRzhQD6hdqusmYqwPbx5qbfZT76dNoVHCsL3eS+njVM=",
        "ref": "refs/heads/main",
        "rev": "e3e23f27124f4a1583e94c79fe5170fd627c4a87",
        "revCount": 53,
        "type": "git",
        "url": "https://git.foxden.network/FoxDen/gitbackup"
      },
      "original": {
        "type": "git",
        "url": "https://git.foxden.network/FoxDen/gitbackup"
      }
    },
    "gitignore": {
      "inputs": {
        "nixpkgs": [
          "lanzaboote",
          "pre-commit",
          "nixpkgs"
        ]
      },
      "locked": {
        "lastModified": 1709087332,
        "narHash": "sha256-HG2cCnktfHsKV0s4XW83gU3F57gaTljL9KNSuG6bnQs=",
        "owner": "hercules-ci",
        "repo": "gitignore.nix",
        "rev": "637db329424fd7e46cf4185293b9cc8c88c95394",
        "type": "github"
      },
      "original": {
        "owner": "hercules-ci",
        "repo": "gitignore.nix",
        "type": "github"
      }
    },
    "impermanence": {
      "locked": {
        "lastModified": 1737831083,
        "narHash": "sha256-LJggUHbpyeDvNagTUrdhe/pRVp4pnS6wVKALS782gRI=",
        "owner": "nix-community",
        "repo": "impermanence",
        "rev": "4b3e914cdf97a5b536a889e939fb2fd2b043a170",
        "type": "github"
      },
      "original": {
        "owner": "nix-community",
        "repo": "impermanence",
        "type": "github"
      }
    },
    "lanzaboote": {
      "inputs": {
        "crane": "crane",
        "nixpkgs": [
          "nixpkgs"
        ],
        "pre-commit": "pre-commit",
        "rust-overlay": "rust-overlay"
      },
      "locked": {
        "lastModified": 1765382359,
        "narHash": "sha256-RJmgVDzjRI18BWVogG6wpsl1UCuV6ui8qr4DJ1LfWZ8=",
        "owner": "nix-community",
        "repo": "lanzaboote",
        "rev": "e8c096ade12ec9130ff931b0f0e25d2f1bc63607",
        "type": "github"
      },
      "original": {
        "owner": "nix-community",
        "repo": "lanzaboote",
        "type": "github"
      }
    },
    "nix-jekyll-builder": {
      "inputs": {
        "flake-utils": [
          "spaceage-website",
          "flake-utils"
        ],
        "nixpkgs": [
          "spaceage-website",
          "nixpkgs"
        ]
      },
      "locked": {
        "lastModified": 1743845240,
        "narHash": "sha256-wOhfPMs1X9iShgAwJhG/SSs+xQC8woOOmUJHL2rpySA=",
        "ref": "refs/heads/main",
        "rev": "cd1eaacf494f61d59f9b07d8677d2e1205c1b5b2",
        "revCount": 5,
        "type": "git",
        "url": "https://git.chobble.com/chobble/nix-jekyll-builder"
      },
      "original": {
        "type": "git",
        "url": "https://git.chobble.com/chobble/nix-jekyll-builder"
      }
    },
    "nixpkgs": {
      "locked": {
        "lastModified": 1765311797,
        "narHash": "sha256-mSD5Ob7a+T2RNjvPvOA1dkJHGVrNVl8ZOrAwBjKBDQo=",
        "owner": "NixOS",
        "repo": "nixpkgs",
        "rev": "09eb77e94fa25202af8f3e81ddc7353d9970ac1b",
        "type": "github"
      },
      "original": {
        "owner": "NixOS",
        "ref": "nixos-25.11",
        "repo": "nixpkgs",
        "type": "github"
      }
    },
    "oauth-jit-radius": {
      "inputs": {
        "flake-utils": [
          "flake-utils"
        ],
        "nixpkgs": [
          "nixpkgs"
        ]
      },
      "locked": {
        "lastModified": 1765235870,
        "narHash": "sha256-VAgEtUfdOJGYt8GA7WEfs3zOW8vVHlFn8UgLg8zsga0=",
        "ref": "refs/heads/main",
        "rev": "6e800d22e0a8887a6152fe346db4bece82f833cc",
        "revCount": 146,
        "type": "git",
        "url": "https://git.foxden.network/FoxDen/oauth-jit-radius"
      },
      "original": {
        "type": "git",
        "url": "https://git.foxden.network/FoxDen/oauth-jit-radius"
      }
    },
    "pre-commit": {
      "inputs": {
        "flake-compat": "flake-compat",
        "gitignore": "gitignore",
        "nixpkgs": [
          "lanzaboote",
          "nixpkgs"
        ]
      },
      "locked": {
        "lastModified": 1765016596,
        "narHash": "sha256-rhSqPNxDVow7OQKi4qS5H8Au0P4S3AYbawBSmJNUtBQ=",
        "owner": "cachix",
        "repo": "pre-commit-hooks.nix",
        "rev": "548fc44fca28a5e81c5d6b846e555e6b9c2a5a3c",
        "type": "github"
      },
      "original": {
        "owner": "cachix",
        "repo": "pre-commit-hooks.nix",
        "type": "github"
      }
    },
    "pyproject-build-systems": {
      "inputs": {
        "nixpkgs": [
          "nixpkgs"
        ],
        "pyproject-nix": [
          "pyproject-nix"
        ],
        "uv2nix": [
          "uv2nix"
        ]
      },
      "locked": {
        "lastModified": 1763662255,
        "narHash": "sha256-4bocaOyLa3AfiS8KrWjZQYu+IAta05u3gYZzZ6zXbT0=",
        "owner": "pyproject-nix",
        "repo": "build-system-pkgs",
        "rev": "042904167604c681a090c07eb6967b4dd4dae88c",
        "type": "github"
      },
      "original": {
        "owner": "pyproject-nix",
        "repo": "build-system-pkgs",
        "type": "github"
      }
    },
    "pyproject-nix": {
      "inputs": {
        "nixpkgs": [
          "nixpkgs"
        ]
      },
      "locked": {
        "lastModified": 1764134915,
        "narHash": "sha256-xaKvtPx6YAnA3HQVp5LwyYG1MaN4LLehpQI8xEdBvBY=",
        "owner": "pyproject-nix",
        "repo": "pyproject.nix",
        "rev": "2c8df1383b32e5443c921f61224b198a2282a657",
        "type": "github"
      },
      "original": {
        "owner": "pyproject-nix",
        "repo": "pyproject.nix",
        "type": "github"
      }
    },
    "root": {
      "inputs": {
        "backupmgr": "backupmgr",
        "carvera-pendant": "carvera-pendant",
        "darksignsonline": "darksignsonline",
        "e621dumper": "e621dumper",
        "fadumper": "fadumper",
        "flake-utils": "flake-utils",
        "foxcaves": "foxcaves",
        "gitbackup": "gitbackup",
        "impermanence": "impermanence",
        "lanzaboote": "lanzaboote",
        "nixpkgs": "nixpkgs",
        "oauth-jit-radius": "oauth-jit-radius",
        "pyproject-build-systems": "pyproject-build-systems",
        "pyproject-nix": "pyproject-nix",
        "sops-nix": "sops-nix",
        "spaceage-api": "spaceage-api",
        "spaceage-starlord": "spaceage-starlord",
        "spaceage-tts": "spaceage-tts",
        "spaceage-website": "spaceage-website",
        "superfan": "superfan",
        "systemd-query": "systemd-query",
        "tapemgr": "tapemgr",
        "uds-proxy": "uds-proxy",
        "uv2nix": "uv2nix"
      }
    },
    "rust-overlay": {
      "inputs": {
        "nixpkgs": [
          "lanzaboote",
          "nixpkgs"
        ]
      },
      "locked": {
        "lastModified": 1765075567,
        "narHash": "sha256-KFDCdQcHJ0hE3Nt5Gm5enRIhmtEifAjpxgUQ3mzSJpA=",
        "owner": "oxalica",
        "repo": "rust-overlay",
        "rev": "769156779b41e8787a46ca3d7d76443aaf68be6f",
        "type": "github"
      },
      "original": {
        "owner": "oxalica",
        "repo": "rust-overlay",
        "type": "github"
      }
    },
    "sops-nix": {
      "inputs": {
        "nixpkgs": [
          "nixpkgs"
        ]
      },
      "locked": {
        "lastModified": 1765231718,
        "narHash": "sha256-qdBzo6puTgG4G2RHG0PkADg22ZnQo1JmSVFRxrD4QM4=",
        "owner": "Mic92",
        "repo": "sops-nix",
        "rev": "7fd1416aba1865eddcdec5bb11339b7222c2363e",
        "type": "github"
      },
      "original": {
        "owner": "Mic92",
        "repo": "sops-nix",
        "type": "github"
      }
    },
    "spaceage-api": {
      "inputs": {
        "flake-utils": [
          "flake-utils"
        ],
        "nixpkgs": [
          "nixpkgs"
        ]
      },
      "locked": {
        "lastModified": 1764402335,
        "narHash": "sha256-A0Eq7gqj92LM+cVGgoRXxYlkgXIgnHc4UQ3oBZSB+U4=",
        "ref": "refs/heads/main",
        "rev": "bc7256da91e8ca244558a9debd3f1695002d815b",
        "revCount": 382,
        "type": "git",
        "url": "https://git.foxden.network/SpaceAge/space_age_api"
      },
      "original": {
        "type": "git",
        "url": "https://git.foxden.network/SpaceAge/space_age_api"
      }
    },
    "spaceage-starlord": {
      "inputs": {
        "flake-utils": [
          "flake-utils"
        ],
        "nixpkgs": [
          "nixpkgs"
        ],
        "pyproject-build-systems": [
          "pyproject-build-systems"
        ],
        "pyproject-nix": [
          "pyproject-nix"
        ],
        "uv2nix": [
          "uv2nix"
        ]
      },
      "locked": {
        "lastModified": 1765157085,
        "narHash": "sha256-KQ2PWpgJDhPbNYE2I7Nr6avVV+TsHijo4x96xvjQ1r8=",
        "ref": "refs/heads/main",
        "rev": "da9a4015d6e4d586041db6ab961e199cd16c8dda",
        "revCount": 226,
        "type": "git",
        "url": "https://git.foxden.network/SpaceAge/StarLord"
      },
      "original": {
        "type": "git",
        "url": "https://git.foxden.network/SpaceAge/StarLord"
      }
    },
    "spaceage-tts": {
      "inputs": {
        "flake-utils": [
          "flake-utils"
        ],
        "nixpkgs": [
          "nixpkgs"
        ]
      },
      "locked": {
        "lastModified": 1764402329,
        "narHash": "sha256-Bcq0hOHdROiMM5pBuT5ATu71UjFcd5JhY3BBnr4TfzY=",
        "ref": "refs/heads/main",
        "rev": "c54b0c6e7cb861ef5375f9d8114c9d4b543227a8",
        "revCount": 455,
        "type": "git",
        "url": "https://git.foxden.network/SpaceAge/TTS"
      },
      "original": {
        "type": "git",
        "url": "https://git.foxden.network/SpaceAge/TTS"
      }
    },
    "spaceage-website": {
      "inputs": {
        "flake-utils": [
          "flake-utils"
        ],
        "nix-jekyll-builder": "nix-jekyll-builder",
        "nixpkgs": [
          "nixpkgs"
        ]
      },
      "locked": {
        "lastModified": 1764402331,
        "narHash": "sha256-Krf7r5Bb7myk68XVU85xoCb/KKld9WoLtqx3MuRxJGU=",
        "ref": "refs/heads/main",
        "rev": "85591c9e611d0291024e71698cf414eaa5b58cf3",
        "revCount": 90,
        "type": "git",
        "url": "https://git.foxden.network/SpaceAge/website"
      },
      "original": {
        "type": "git",
        "url": "https://git.foxden.network/SpaceAge/website"
      }
    },
    "superfan": {
      "inputs": {
        "flake-utils": [
          "flake-utils"
        ],
        "nixpkgs": [
          "nixpkgs"
        ]
      },
      "locked": {
        "lastModified": 1765213736,
        "narHash": "sha256-P5N6qfQYGBDQboGdnMNUwZYVppJH2m8TaHEMiAJPt/4=",
        "ref": "refs/heads/main",
        "rev": "06f8c7f9433705d2541f4ed1d59f86ac5effb58f",
        "revCount": 154,
        "type": "git",
        "url": "https://git.foxden.network/FoxDen/superfan"
      },
      "original": {
        "type": "git",
        "url": "https://git.foxden.network/FoxDen/superfan"
      }
    },
    "systemd-query": {
      "inputs": {
        "flake-utils": [
          "flake-utils"
        ],
        "nixpkgs": [
          "nixpkgs"
        ],
        "pyproject-build-systems": [
          "pyproject-build-systems"
        ],
        "pyproject-nix": [
          "pyproject-nix"
        ],
        "uv2nix": [
          "uv2nix"
        ]
      },
      "locked": {
        "lastModified": 1764402282,
        "narHash": "sha256-RsUwA+lSrRePZNNupSDzzSiBNko33LojRJn3pikVK5I=",
        "ref": "refs/heads/main",
        "rev": "cdad086bc0f4ee3c814ad75b5c12e42485423bc7",
        "revCount": 28,
        "type": "git",
        "url": "https://git.foxden.network/FoxDen/systemd-query"
      },
      "original": {
        "type": "git",
        "url": "https://git.foxden.network/FoxDen/systemd-query"
      }
    },
    "systems": {
      "locked": {
        "lastModified": 1681028828,
        "narHash": "sha256-Vy1rq5AaRuLzOxct8nz4T6wlgyUR7zLU309k9mBC768=",
        "owner": "nix-systems",
        "repo": "default",
        "rev": "da67096a3b9bf56a91d16901293e51ba5b49a27e",
        "type": "github"
      },
      "original": {
        "owner": "nix-systems",
        "repo": "default",
        "type": "github"
      }
    },
    "tapemgr": {
      "inputs": {
        "flake-utils": [
          "flake-utils"
        ],
        "nixpkgs": [
          "nixpkgs"
        ]
      },
      "locked": {
        "lastModified": 1765235867,
        "narHash": "sha256-Ym5ubvy/LAtmQP0lMLqgEHj7TGtRUORM1cSCVhWNCRg=",
        "ref": "refs/heads/main",
        "rev": "2e2dd2d75f6fdd0d08d004d9f597ac3c9011a735",
        "revCount": 531,
        "type": "git",
        "url": "https://git.foxden.network/FoxDen/tapemgr"
      },
      "original": {
        "type": "git",
        "url": "https://git.foxden.network/FoxDen/tapemgr"
      }
    },
    "uds-proxy": {
      "inputs": {
        "flake-utils": [
          "flake-utils"
        ],
        "nixpkgs": [
          "nixpkgs"
        ]
      },
      "locked": {
        "lastModified": 1765219841,
        "narHash": "sha256-BWttp79xRd6l31wfoPWAx/J9IbTsMTfJC2GIJ9GK/9A=",
        "ref": "refs/heads/main",
        "rev": "c5e31336d40ef50a99966219e29bf1577bcf7eae",
        "revCount": 80,
        "type": "git",
        "url": "https://git.foxden.network/FoxDen/uds-proxy"
      },
      "original": {
        "type": "git",
        "url": "https://git.foxden.network/FoxDen/uds-proxy"
      }
    },
    "uv2nix": {
      "inputs": {
        "nixpkgs": [
          "nixpkgs"
        ],
        "pyproject-nix": [
          "pyproject-nix"
        ]
      },
      "locked": {
        "lastModified": 1764992234,
        "narHash": "sha256-qBbyM1Gnvs/ncbnWfbBboMyevelz+owIdSN5Sg89wzw=",
        "owner": "pyproject-nix",
        "repo": "uv2nix",
        "rev": "1610e554e579c3d47b47c8a32d47042116d0e153",
        "type": "github"
      },
      "original": {
        "owner": "pyproject-nix",
        "repo": "uv2nix",
        "type": "github"
      }
    }
  },
  "root": "root",
  "version": 7
}
