{
  "nodes": {
    "backupmgr": {
      "inputs": {
        "flake-utils": [
          "flake-utils"
        ],
        "nixpkgs": [
          "nixpkgs"
        ]
      },
      "locked": {
        "lastModified": 1781818993,
        "narHash": "sha256-3+DkLQfHdUq7j9czGOjO+ED7OkahHfDykUJ/KdCk5cU=",
        "ref": "refs/heads/main",
        "rev": "0f2f6e239e7a9f932a5248a6c385620657ac1374",
        "revCount": 57,
        "type": "git",
        "url": "https://git.foxden.network/FoxDen/backupmgr"
      },
      "original": {
        "type": "git",
        "url": "https://git.foxden.network/FoxDen/backupmgr"
      }
    },
    "build-gradle-application": {
      "inputs": {
        "flake-parts": "flake-parts",
        "nixpkgs": [
          "nixpkgs"
        ],
        "systems": [
          "systems"
        ]
      },
      "locked": {
        "lastModified": 1764521413,
        "narHash": "sha256-N1MTc6cz2sF33+1gpIFjUIsEwNOdZazfrK+NuUAUfGY=",
        "owner": "raphiz",
        "repo": "buildGradleApplication",
        "rev": "ee11e6ca94048c7c09681e5126f8c3556717d93d",
        "type": "github"
      },
      "original": {
        "owner": "raphiz",
        "repo": "buildGradleApplication",
        "type": "github"
      }
    },
    "darksignsonline": {
      "inputs": {
        "flake-utils": [
          "flake-utils"
        ],
        "nixpkgs": [
          "nixpkgs"
        ]
      },
      "locked": {
        "lastModified": 1781821588,
        "narHash": "sha256-n8DdMYdFofQqqU7+SiMK3udlfbpFHG0FnWGRW4rVTvc=",
        "owner": "Doridian",
        "repo": "DarkSignsOnline",
        "rev": "43593113301adc94d1cd4ccd6ee0e7c0d0527700",
        "type": "github"
      },
      "original": {
        "owner": "Doridian",
        "repo": "DarkSignsOnline",
        "type": "github"
      }
    },
    "e621dumper": {
      "inputs": {
        "flake-utils": [
          "flake-utils"
        ],
        "nixpkgs": [
          "nixpkgs"
        ]
      },
      "locked": {
        "lastModified": 1781818995,
        "narHash": "sha256-cyPlc0rYO0kWIz9qgogrp/NRWZud7TsWGbrDm2R1BX8=",
        "ref": "refs/heads/main",
        "rev": "9fe544b75cc9a386af6fc4735b0d8b0fc23bb977",
        "revCount": 717,
        "type": "git",
        "url": "https://git.foxden.network/FoxDen/e621dumper"
      },
      "original": {
        "type": "git",
        "url": "https://git.foxden.network/FoxDen/e621dumper"
      }
    },
    "fadumper": {
      "inputs": {
        "flake-utils": [
          "flake-utils"
        ],
        "nixpkgs": [
          "nixpkgs"
        ]
      },
      "locked": {
        "lastModified": 1781918603,
        "narHash": "sha256-qUuGAYMGBbvf6B6P/mRiFerxKmfO5EGcVeIs7Ra8UL8=",
        "ref": "refs/heads/main",
        "rev": "147525e38671b22b602effd567a39822c5534fed",
        "revCount": 738,
        "type": "git",
        "url": "https://git.foxden.network/FoxDen/fadumper"
      },
      "original": {
        "type": "git",
        "url": "https://git.foxden.network/FoxDen/fadumper"
      }
    },
    "flake-parts": {
      "inputs": {
        "nixpkgs-lib": [
          "build-gradle-application",
          "nixpkgs"
        ]
      },
      "locked": {
        "lastModified": 1763759067,
        "narHash": "sha256-LlLt2Jo/gMNYAwOgdRQBrsRoOz7BPRkzvNaI/fzXi2Q=",
        "owner": "hercules-ci",
        "repo": "flake-parts",
        "rev": "2cccadc7357c0ba201788ae99c4dfa90728ef5e0",
        "type": "github"
      },
      "original": {
        "owner": "hercules-ci",
        "repo": "flake-parts",
        "type": "github"
      }
    },
    "flake-utils": {
      "inputs": {
        "systems": [
          "systems"
        ]
      },
      "locked": {
        "lastModified": 1731533236,
        "narHash": "sha256-l0KFg5HjrsfsO/JpG+r7fRrqm12kzFHyUHqHCVpMMbI=",
        "owner": "numtide",
        "repo": "flake-utils",
        "rev": "11707dc2f618dd54ca8739b309ec4fc024de578b",
        "type": "github"
      },
      "original": {
        "owner": "numtide",
        "repo": "flake-utils",
        "type": "github"
      }
    },
    "foxIngress": {
      "inputs": {
        "flake-utils": [
          "flake-utils"
        ],
        "nixpkgs": [
          "nixpkgs"
        ]
      },
      "locked": {
        "lastModified": 1781818951,
        "narHash": "sha256-haFJzX8BMMDNtNqmXR5tDIIIU9gogG0sNyO/1cYafUs=",
        "ref": "refs/heads/main",
        "rev": "c6ae0bcf95d9422168cfb1a325dca77621048362",
        "revCount": 237,
        "type": "git",
        "url": "https://git.foxden.network/FoxDen/foxIngress"
      },
      "original": {
        "type": "git",
        "url": "https://git.foxden.network/FoxDen/foxIngress"
      }
    },
    "foxcaves": {
      "inputs": {
        "flake-utils": [
          "flake-utils"
        ],
        "nixpkgs": [
          "nixpkgs"
        ]
      },
      "locked": {
        "lastModified": 1781819000,
        "narHash": "sha256-TsG8+9LYffJne+G4DQtcIb4rXVeteQxKsh8ShvrHKSw=",
        "ref": "refs/heads/main",
        "rev": "18d08e2c422081d3bce3c8a6438e6a4ff0a4d961",
        "revCount": 4020,
        "type": "git",
        "url": "https://git.foxden.network/foxCaves/foxCaves"
      },
      "original": {
        "type": "git",
        "url": "https://git.foxden.network/foxCaves/foxCaves"
      }
    },
    "gitbackup": {
      "inputs": {
        "flake-utils": [
          "flake-utils"
        ],
        "nixpkgs": [
          "nixpkgs"
        ],
        "pyproject-build-systems": [
          "pyproject-build-systems"
        ],
        "pyproject-nix": [
          "pyproject-nix"
        ],
        "uv2nix": [
          "uv2nix"
        ]
      },
      "locked": {
        "lastModified": 1781818985,
        "narHash": "sha256-Pt+nfj6Y+i0nUs1S2PN2lv7AIzH4RyoXf6HLv0TK8Io=",
        "ref": "refs/heads/main",
        "rev": "085bde96c4483567582e1e9900f4868be79c47dc",
        "revCount": 74,
        "type": "git",
        "url": "https://git.foxden.network/FoxDen/gitbackup"
      },
      "original": {
        "type": "git",
        "url": "https://git.foxden.network/FoxDen/gitbackup"
      }
    },
    "home-manager": {
      "inputs": {
        "nixpkgs": [
          "nixpkgs"
        ]
      },
      "locked": {
        "lastModified": 1781319724,
        "narHash": "sha256-ZGuxexEMo4Xv28KJ0dX/m/PHN4oZIOnxHZpNTyrvx4M=",
        "owner": "nix-community",
        "repo": "home-manager",
        "rev": "8355f0a16b2dbb06a97959a918af5b239bbe05ae",
        "type": "github"
      },
      "original": {
        "owner": "nix-community",
        "ref": "release-26.05",
        "repo": "home-manager",
        "type": "github"
      }
    },
    "impermanence": {
      "inputs": {
        "home-manager": [
          "home-manager"
        ],
        "nixpkgs": [
          "nixpkgs"
        ]
      },
      "locked": {
        "lastModified": 1769548169,
        "narHash": "sha256-03+JxvzmfwRu+5JafM0DLbxgHttOQZkUtDWBmeUkN8Y=",
        "owner": "nix-community",
        "repo": "impermanence",
        "rev": "7b1d382faf603b6d264f58627330f9faa5cba149",
        "type": "github"
      },
      "original": {
        "owner": "nix-community",
        "repo": "impermanence",
        "type": "github"
      }
    },
    "nix-jekyll-builder": {
      "inputs": {
        "flake-utils": [
          "spaceage-website",
          "flake-utils"
        ],
        "nixpkgs": [
          "spaceage-website",
          "nixpkgs"
        ]
      },
      "locked": {
        "lastModified": 1743845240,
        "narHash": "sha256-wOhfPMs1X9iShgAwJhG/SSs+xQC8woOOmUJHL2rpySA=",
        "ref": "refs/heads/main",
        "rev": "cd1eaacf494f61d59f9b07d8677d2e1205c1b5b2",
        "revCount": 5,
        "type": "git",
        "url": "https://git.chobble.com/chobble/nix-jekyll-builder"
      },
      "original": {
        "type": "git",
        "url": "https://git.chobble.com/chobble/nix-jekyll-builder"
      }
    },
    "nixpkgs": {
      "locked": {
        "lastModified": 1781216227,
        "narHash": "sha256-9mUW6gNwoN2SWc/l0fW4svPNOulXLl8ijqKyeSOGgJE=",
        "owner": "NixOS",
        "repo": "nixpkgs",
        "rev": "a0374025a863d007d98e3297f6aa46cc3141c2f0",
        "type": "github"
      },
      "original": {
        "owner": "NixOS",
        "ref": "nixos-26.05",
        "repo": "nixpkgs",
        "type": "github"
      }
    },
    "oauth-jit-radius": {
      "inputs": {
        "flake-utils": [
          "flake-utils"
        ],
        "nixpkgs": [
          "nixpkgs"
        ]
      },
      "locked": {
        "lastModified": 1781818991,
        "narHash": "sha256-FK1yYDE4EXcVYKMfLHlAYqpj28JXsS+IWYjhpN8z7A0=",
        "ref": "refs/heads/main",
        "rev": "3febbf9e0691087ab05d5945a034f5c56c21d708",
        "revCount": 205,
        "type": "git",
        "url": "https://git.foxden.network/FoxDen/oauth-jit-radius"
      },
      "original": {
        "type": "git",
        "url": "https://git.foxden.network/FoxDen/oauth-jit-radius"
      }
    },
    "pyproject-build-systems": {
      "inputs": {
        "nixpkgs": [
          "nixpkgs"
        ],
        "pyproject-nix": [
          "pyproject-nix"
        ],
        "uv2nix": [
          "uv2nix"
        ]
      },
      "locked": {
        "lastModified": 1781807804,
        "narHash": "sha256-04KFQME8sE1LSywNiYS1B6Ucf5rEiUD7/vxwFMgooXU=",
        "owner": "pyproject-nix",
        "repo": "build-system-pkgs",
        "rev": "b84e03a7870c66033d309e0e00abd513e2299627",
        "type": "github"
      },
      "original": {
        "owner": "pyproject-nix",
        "repo": "build-system-pkgs",
        "type": "github"
      }
    },
    "pyproject-nix": {
      "inputs": {
        "nixpkgs": [
          "nixpkgs"
        ]
      },
      "locked": {
        "lastModified": 1781812259,
        "narHash": "sha256-uRqDouxg3b0EuOHQd1HhmFZouHebM7pz+H6EWAXd3FM=",
        "owner": "pyproject-nix",
        "repo": "pyproject.nix",
        "rev": "d9847acff422152a03764fd60c96ae0dd9f9fa73",
        "type": "github"
      },
      "original": {
        "owner": "pyproject-nix",
        "repo": "pyproject.nix",
        "type": "github"
      }
    },
    "root": {
      "inputs": {
        "backupmgr": "backupmgr",
        "build-gradle-application": "build-gradle-application",
        "darksignsonline": "darksignsonline",
        "e621dumper": "e621dumper",
        "fadumper": "fadumper",
        "flake-utils": "flake-utils",
        "foxIngress": "foxIngress",
        "foxcaves": "foxcaves",
        "gitbackup": "gitbackup",
        "home-manager": "home-manager",
        "impermanence": "impermanence",
        "nixpkgs": "nixpkgs",
        "oauth-jit-radius": "oauth-jit-radius",
        "pyproject-build-systems": "pyproject-build-systems",
        "pyproject-nix": "pyproject-nix",
        "sops-nix": "sops-nix",
        "spaceage-api": "spaceage-api",
        "spaceage-starlord": "spaceage-starlord",
        "spaceage-tts": "spaceage-tts",
        "spaceage-website": "spaceage-website",
        "superfan": "superfan",
        "systems": "systems",
        "tapemgr": "tapemgr",
        "uds-proxy": "uds-proxy",
        "uv2nix": "uv2nix"
      }
    },
    "sops-nix": {
      "inputs": {
        "nixpkgs": [
          "nixpkgs"
        ]
      },
      "locked": {
        "lastModified": 1780547341,
        "narHash": "sha256-Gq8KNx5A7hBB3uGJaj6eQfLDIz5YdLu92gqBcvHvoUo=",
        "owner": "Mic92",
        "repo": "sops-nix",
        "rev": "9ed65852b6257fbeae4355bc24ecfea307ca759a",
        "type": "github"
      },
      "original": {
        "owner": "Mic92",
        "repo": "sops-nix",
        "type": "github"
      }
    },
    "spaceage-api": {
      "inputs": {
        "flake-utils": [
          "flake-utils"
        ],
        "nixpkgs": [
          "nixpkgs"
        ]
      },
      "locked": {
        "lastModified": 1781818934,
        "narHash": "sha256-yvZJzuSdwBixEK2qilZYI8AObS+lD4Y4TxZ4R6dOB5I=",
        "ref": "refs/heads/main",
        "rev": "dd272f5f98f715cb79d547a9bf46e1fa7c3e8ec5",
        "revCount": 432,
        "type": "git",
        "url": "https://git.foxden.network/SpaceAge/space_age_api"
      },
      "original": {
        "type": "git",
        "url": "https://git.foxden.network/SpaceAge/space_age_api"
      }
    },
    "spaceage-starlord": {
      "inputs": {
        "flake-utils": [
          "flake-utils"
        ],
        "nixpkgs": [
          "nixpkgs"
        ],
        "pyproject-build-systems": [
          "pyproject-build-systems"
        ],
        "pyproject-nix": [
          "pyproject-nix"
        ],
        "uv2nix": [
          "uv2nix"
        ]
      },
      "locked": {
        "lastModified": 1781818937,
        "narHash": "sha256-h1ZXZKel3oB0TlcGW+HYqXh1Crkbw4JstYOQ/NeXeZA=",
        "ref": "refs/heads/main",
        "rev": "f5fc79b59a0e0fe7c9bef4c438d869e5719450e8",
        "revCount": 252,
        "type": "git",
        "url": "https://git.foxden.network/SpaceAge/StarLord"
      },
      "original": {
        "type": "git",
        "url": "https://git.foxden.network/SpaceAge/StarLord"
      }
    },
    "spaceage-tts": {
      "inputs": {
        "flake-utils": [
          "flake-utils"
        ],
        "nixpkgs": [
          "nixpkgs"
        ]
      },
      "locked": {
        "lastModified": 1781818931,
        "narHash": "sha256-zbqCG3pE/bCxduQOcPcad8mL8mdur9ZCkclXZXc4ztE=",
        "ref": "refs/heads/main",
        "rev": "dfcaa5452cd3bd1d5f87127a99097ea7b063d6ff",
        "revCount": 458,
        "type": "git",
        "url": "https://git.foxden.network/SpaceAge/TTS"
      },
      "original": {
        "type": "git",
        "url": "https://git.foxden.network/SpaceAge/TTS"
      }
    },
    "spaceage-website": {
      "inputs": {
        "flake-utils": [
          "flake-utils"
        ],
        "nix-jekyll-builder": "nix-jekyll-builder",
        "nixpkgs": [
          "nixpkgs"
        ]
      },
      "locked": {
        "lastModified": 1781818927,
        "narHash": "sha256-Riv/uRMVBSIDJJDhclPwkEivpgbmTX5AEf+KwGqE7GQ=",
        "ref": "refs/heads/main",
        "rev": "4a7329963b96722c957936862b212efd0d462d30",
        "revCount": 124,
        "type": "git",
        "url": "https://git.foxden.network/SpaceAge/website"
      },
      "original": {
        "type": "git",
        "url": "https://git.foxden.network/SpaceAge/website"
      }
    },
    "superfan": {
      "inputs": {
        "flake-utils": [
          "flake-utils"
        ],
        "nixpkgs": [
          "nixpkgs"
        ]
      },
      "locked": {
        "lastModified": 1781818979,
        "narHash": "sha256-bMdTQgy1eosIScLup70emFQ/lCL/e+bfCSdioosPD/4=",
        "ref": "refs/heads/main",
        "rev": "34b373826a8026bb66f14ce37f659f757719fa6a",
        "revCount": 173,
        "type": "git",
        "url": "https://git.foxden.network/FoxDen/superfan"
      },
      "original": {
        "type": "git",
        "url": "https://git.foxden.network/FoxDen/superfan"
      }
    },
    "systems": {
      "locked": {
        "lastModified": 1681028828,
        "narHash": "sha256-Vy1rq5AaRuLzOxct8nz4T6wlgyUR7zLU309k9mBC768=",
        "owner": "nix-systems",
        "repo": "default",
        "rev": "da67096a3b9bf56a91d16901293e51ba5b49a27e",
        "type": "github"
      },
      "original": {
        "owner": "nix-systems",
        "repo": "default",
        "type": "github"
      }
    },
    "tapemgr": {
      "inputs": {
        "flake-utils": [
          "flake-utils"
        ],
        "nixpkgs": [
          "nixpkgs"
        ]
      },
      "locked": {
        "lastModified": 1781819701,
        "narHash": "sha256-iERWsppg0SOSLOzFaPzFwF80jrnmrLU78MFsUitQHxU=",
        "ref": "refs/heads/main",
        "rev": "dc88f0cfa03f2f4edd37a0465f24fb866d4dea0f",
        "revCount": 554,
        "type": "git",
        "url": "https://git.foxden.network/FoxDen/tapemgr"
      },
      "original": {
        "type": "git",
        "url": "https://git.foxden.network/FoxDen/tapemgr"
      }
    },
    "uds-proxy": {
      "inputs": {
        "flake-utils": [
          "flake-utils"
        ],
        "nixpkgs": [
          "nixpkgs"
        ]
      },
      "locked": {
        "lastModified": 1781819697,
        "narHash": "sha256-BE1GUx72LLFAk+2vtJYSy65TrjXIxYTqCV04+wuJ+cM=",
        "ref": "refs/heads/main",
        "rev": "9db304bb36289f3de2b66eec9676d2c138d31808",
        "revCount": 98,
        "type": "git",
        "url": "https://git.foxden.network/FoxDen/uds-proxy"
      },
      "original": {
        "type": "git",
        "url": "https://git.foxden.network/FoxDen/uds-proxy"
      }
    },
    "uv2nix": {
      "inputs": {
        "nixpkgs": [
          "nixpkgs"
        ],
        "pyproject-nix": [
          "pyproject-nix"
        ]
      },
      "locked": {
        "lastModified": 1781810314,
        "narHash": "sha256-PQfvfKWaBvCysdHFUO5GewwvwIqI/WL6OcrJhDSUdbc=",
        "owner": "pyproject-nix",
        "repo": "uv2nix",
        "rev": "14aa44100859a44144878fe079f8089d3fa4dc4e",
        "type": "github"
      },
      "original": {
        "owner": "pyproject-nix",
        "repo": "uv2nix",
        "type": "github"
      }
    }
  },
  "root": "root",
  "version": 7
}
