{
  "nodes": {
    "backupmgr": {
      "inputs": {
        "flake-utils": [
          "flake-utils"
        ],
        "nixpkgs": [
          "nixpkgs"
        ]
      },
      "locked": {
        "lastModified": 1771463397,
        "narHash": "sha256-GXyKvr08WU8epf0NBcijBTafb2BOObVF1EpQ3gkSdxQ=",
        "ref": "refs/heads/main",
        "rev": "ffd372b535651fa7307d2ae776128063432c5dc5",
        "revCount": 46,
        "type": "git",
        "url": "https://git.foxden.network/FoxDen/backupmgr"
      },
      "original": {
        "type": "git",
        "url": "https://git.foxden.network/FoxDen/backupmgr"
      }
    },
    "build-gradle-application": {
      "inputs": {
        "flake-parts": "flake-parts",
        "nixpkgs": [
          "nixpkgs"
        ],
        "systems": [
          "systems"
        ]
      },
      "locked": {
        "lastModified": 1764521413,
        "narHash": "sha256-N1MTc6cz2sF33+1gpIFjUIsEwNOdZazfrK+NuUAUfGY=",
        "owner": "raphiz",
        "repo": "buildGradleApplication",
        "rev": "ee11e6ca94048c7c09681e5126f8c3556717d93d",
        "type": "github"
      },
      "original": {
        "owner": "raphiz",
        "repo": "buildGradleApplication",
        "type": "github"
      }
    },
    "crane": {
      "locked": {
        "lastModified": 1765145449,
        "narHash": "sha256-aBVHGWWRzSpfL++LubA0CwOOQ64WNLegrYHwsVuVN7A=",
        "owner": "ipetkov",
        "repo": "crane",
        "rev": "69f538cdce5955fcd47abfed4395dc6d5194c1c5",
        "type": "github"
      },
      "original": {
        "owner": "ipetkov",
        "repo": "crane",
        "type": "github"
      }
    },
    "darksignsonline": {
      "inputs": {
        "flake-utils": [
          "flake-utils"
        ],
        "nixpkgs": [
          "nixpkgs"
        ]
      },
      "locked": {
        "lastModified": 1780415917,
        "narHash": "sha256-ui8jRVcf5wHNnDw441fZ4jGyVf44L0IIeSdWeldzqRo=",
        "owner": "Doridian",
        "repo": "DarkSignsOnline",
        "rev": "0d33b2b07db1f4ff8a518680256c5d5f1d16eb01",
        "type": "github"
      },
      "original": {
        "owner": "Doridian",
        "repo": "DarkSignsOnline",
        "type": "github"
      }
    },
    "e621dumper": {
      "inputs": {
        "flake-utils": [
          "flake-utils"
        ],
        "nixpkgs": [
          "nixpkgs"
        ]
      },
      "locked": {
        "lastModified": 1779688800,
        "narHash": "sha256-Kca05jo9XzEwTjnZJYdmacIouxiOojl6W2bL7SwJBRw=",
        "ref": "refs/heads/main",
        "rev": "096301fa2abacfd9113d58872f13667d37e08739",
        "revCount": 691,
        "type": "git",
        "url": "https://git.foxden.network/FoxDen/e621dumper"
      },
      "original": {
        "type": "git",
        "url": "https://git.foxden.network/FoxDen/e621dumper"
      }
    },
    "fadumper": {
      "inputs": {
        "flake-utils": [
          "flake-utils"
        ],
        "nixpkgs": [
          "nixpkgs"
        ]
      },
      "locked": {
        "lastModified": 1779688825,
        "narHash": "sha256-voqju7hUuJjN3OH8JVmzXJdF/z1EJyeSv1Tv2Xl4qT0=",
        "ref": "refs/heads/main",
        "rev": "e13edba5e3ea148ffe5ee35bdf9344ec32b09e78",
        "revCount": 702,
        "type": "git",
        "url": "https://git.foxden.network/FoxDen/fadumper"
      },
      "original": {
        "type": "git",
        "url": "https://git.foxden.network/FoxDen/fadumper"
      }
    },
    "flake-compat": {
      "flake": false,
      "locked": {
        "lastModified": 1761588595,
        "narHash": "sha256-XKUZz9zewJNUj46b4AJdiRZJAvSZ0Dqj2BNfXvFlJC4=",
        "owner": "edolstra",
        "repo": "flake-compat",
        "rev": "f387cd2afec9419c8ee37694406ca490c3f34ee5",
        "type": "github"
      },
      "original": {
        "owner": "edolstra",
        "repo": "flake-compat",
        "type": "github"
      }
    },
    "flake-parts": {
      "inputs": {
        "nixpkgs-lib": [
          "build-gradle-application",
          "nixpkgs"
        ]
      },
      "locked": {
        "lastModified": 1763759067,
        "narHash": "sha256-LlLt2Jo/gMNYAwOgdRQBrsRoOz7BPRkzvNaI/fzXi2Q=",
        "owner": "hercules-ci",
        "repo": "flake-parts",
        "rev": "2cccadc7357c0ba201788ae99c4dfa90728ef5e0",
        "type": "github"
      },
      "original": {
        "owner": "hercules-ci",
        "repo": "flake-parts",
        "type": "github"
      }
    },
    "flake-utils": {
      "inputs": {
        "systems": [
          "systems"
        ]
      },
      "locked": {
        "lastModified": 1731533236,
        "narHash": "sha256-l0KFg5HjrsfsO/JpG+r7fRrqm12kzFHyUHqHCVpMMbI=",
        "owner": "numtide",
        "repo": "flake-utils",
        "rev": "11707dc2f618dd54ca8739b309ec4fc024de578b",
        "type": "github"
      },
      "original": {
        "owner": "numtide",
        "repo": "flake-utils",
        "type": "github"
      }
    },
    "foxIngress": {
      "inputs": {
        "flake-utils": [
          "flake-utils"
        ],
        "nixpkgs": [
          "nixpkgs"
        ]
      },
      "locked": {
        "lastModified": 1779413886,
        "narHash": "sha256-hChdKkDypU/EIMI20EKQ0frwsWhq83uGqM6Czxhv63s=",
        "ref": "refs/heads/main",
        "rev": "8e9f418096ce85eab48b6ddb9d2ece95d6dc2747",
        "revCount": 218,
        "type": "git",
        "url": "https://git.foxden.network/FoxDen/foxIngress"
      },
      "original": {
        "type": "git",
        "url": "https://git.foxden.network/FoxDen/foxIngress"
      }
    },
    "foxcaves": {
      "inputs": {
        "flake-utils": [
          "flake-utils"
        ],
        "nixpkgs": [
          "nixpkgs"
        ]
      },
      "locked": {
        "lastModified": 1779688840,
        "narHash": "sha256-QAJVKlfTqRJCVO12I1GArfLimgcynGXcZuycv4Lr+Q0=",
        "ref": "refs/heads/main",
        "rev": "13668b21bd8772c6bf54e6348a1fe3b9dd12c0eb",
        "revCount": 3990,
        "type": "git",
        "url": "https://git.foxden.network/foxCaves/foxCaves"
      },
      "original": {
        "type": "git",
        "url": "https://git.foxden.network/foxCaves/foxCaves"
      }
    },
    "gitbackup": {
      "inputs": {
        "flake-utils": [
          "flake-utils"
        ],
        "nixpkgs": [
          "nixpkgs"
        ],
        "pyproject-build-systems": [
          "pyproject-build-systems"
        ],
        "pyproject-nix": [
          "pyproject-nix"
        ],
        "uv2nix": [
          "uv2nix"
        ]
      },
      "locked": {
        "lastModified": 1779688815,
        "narHash": "sha256-IiHB4BZS0fv+Dg7Lyn3szeWOZ5QEBif/1Rcm4Sn78Lc=",
        "ref": "refs/heads/main",
        "rev": "b045b93ddd1ea70cf3ee4dcda3eaa25d4b9642d8",
        "revCount": 71,
        "type": "git",
        "url": "https://git.foxden.network/FoxDen/gitbackup"
      },
      "original": {
        "type": "git",
        "url": "https://git.foxden.network/FoxDen/gitbackup"
      }
    },
    "gitignore": {
      "inputs": {
        "nixpkgs": [
          "lanzaboote",
          "pre-commit",
          "nixpkgs"
        ]
      },
      "locked": {
        "lastModified": 1709087332,
        "narHash": "sha256-HG2cCnktfHsKV0s4XW83gU3F57gaTljL9KNSuG6bnQs=",
        "owner": "hercules-ci",
        "repo": "gitignore.nix",
        "rev": "637db329424fd7e46cf4185293b9cc8c88c95394",
        "type": "github"
      },
      "original": {
        "owner": "hercules-ci",
        "repo": "gitignore.nix",
        "type": "github"
      }
    },
    "home-manager": {
      "inputs": {
        "nixpkgs": [
          "nixpkgs"
        ]
      },
      "locked": {
        "lastModified": 1780361225,
        "narHash": "sha256-wnV9ttf4fPWNonBIQmvlrSlNpQYgx5HgWWd007mwIFA=",
        "owner": "nix-community",
        "repo": "home-manager",
        "rev": "e28654b71096e08c019d4861ca26acb646f583d8",
        "type": "github"
      },
      "original": {
        "owner": "nix-community",
        "ref": "release-26.05",
        "repo": "home-manager",
        "type": "github"
      }
    },
    "impermanence": {
      "inputs": {
        "home-manager": [
          "home-manager"
        ],
        "nixpkgs": [
          "nixpkgs"
        ]
      },
      "locked": {
        "lastModified": 1769548169,
        "narHash": "sha256-03+JxvzmfwRu+5JafM0DLbxgHttOQZkUtDWBmeUkN8Y=",
        "owner": "nix-community",
        "repo": "impermanence",
        "rev": "7b1d382faf603b6d264f58627330f9faa5cba149",
        "type": "github"
      },
      "original": {
        "owner": "nix-community",
        "repo": "impermanence",
        "type": "github"
      }
    },
    "lanzaboote": {
      "inputs": {
        "crane": "crane",
        "nixpkgs": [
          "nixpkgs"
        ],
        "pre-commit": "pre-commit",
        "rust-overlay": "rust-overlay"
      },
      "locked": {
        "lastModified": 1765382359,
        "narHash": "sha256-RJmgVDzjRI18BWVogG6wpsl1UCuV6ui8qr4DJ1LfWZ8=",
        "owner": "nix-community",
        "repo": "lanzaboote",
        "rev": "e8c096ade12ec9130ff931b0f0e25d2f1bc63607",
        "type": "github"
      },
      "original": {
        "owner": "nix-community",
        "ref": "v1.0.0",
        "repo": "lanzaboote",
        "type": "github"
      }
    },
    "nix-jekyll-builder": {
      "inputs": {
        "flake-utils": [
          "spaceage-website",
          "flake-utils"
        ],
        "nixpkgs": [
          "spaceage-website",
          "nixpkgs"
        ]
      },
      "locked": {
        "lastModified": 1743845240,
        "narHash": "sha256-wOhfPMs1X9iShgAwJhG/SSs+xQC8woOOmUJHL2rpySA=",
        "ref": "refs/heads/main",
        "rev": "cd1eaacf494f61d59f9b07d8677d2e1205c1b5b2",
        "revCount": 5,
        "type": "git",
        "url": "https://git.chobble.com/chobble/nix-jekyll-builder"
      },
      "original": {
        "type": "git",
        "url": "https://git.chobble.com/chobble/nix-jekyll-builder"
      }
    },
    "nixpkgs": {
      "locked": {
        "lastModified": 1780203844,
        "narHash": "sha256-K5sT4jTpGs15ADhviMKNBH38REpPf5Q6mM1+N6cArVE=",
        "owner": "NixOS",
        "repo": "nixpkgs",
        "rev": "b51242d7d43689db2f3be91bd05d5b24fbb469c4",
        "type": "github"
      },
      "original": {
        "owner": "NixOS",
        "ref": "nixos-26.05",
        "repo": "nixpkgs",
        "type": "github"
      }
    },
    "oauth-jit-radius": {
      "inputs": {
        "flake-utils": [
          "flake-utils"
        ],
        "nixpkgs": [
          "nixpkgs"
        ]
      },
      "locked": {
        "lastModified": 1779688808,
        "narHash": "sha256-UxGMzHs07CMALsEmqhc7SdYgmLvjP+9w+xQy70OK9EI=",
        "ref": "refs/heads/main",
        "rev": "18c2858e166cadbb880ba814d3b19c8225fdc85a",
        "revCount": 198,
        "type": "git",
        "url": "https://git.foxden.network/FoxDen/oauth-jit-radius"
      },
      "original": {
        "type": "git",
        "url": "https://git.foxden.network/FoxDen/oauth-jit-radius"
      }
    },
    "pre-commit": {
      "inputs": {
        "flake-compat": "flake-compat",
        "gitignore": "gitignore",
        "nixpkgs": [
          "lanzaboote",
          "nixpkgs"
        ]
      },
      "locked": {
        "lastModified": 1765016596,
        "narHash": "sha256-rhSqPNxDVow7OQKi4qS5H8Au0P4S3AYbawBSmJNUtBQ=",
        "owner": "cachix",
        "repo": "pre-commit-hooks.nix",
        "rev": "548fc44fca28a5e81c5d6b846e555e6b9c2a5a3c",
        "type": "github"
      },
      "original": {
        "owner": "cachix",
        "repo": "pre-commit-hooks.nix",
        "type": "github"
      }
    },
    "pyproject-build-systems": {
      "inputs": {
        "nixpkgs": [
          "nixpkgs"
        ],
        "pyproject-nix": [
          "pyproject-nix"
        ],
        "uv2nix": [
          "uv2nix"
        ]
      },
      "locked": {
        "lastModified": 1779676664,
        "narHash": "sha256-MbXylBTkWqVm8/VYjoULtMoVRgWBN1gSHbeRKsOsPlU=",
        "owner": "pyproject-nix",
        "repo": "build-system-pkgs",
        "rev": "7bff980f37fc24e09dbc986643719900c139bf12",
        "type": "github"
      },
      "original": {
        "owner": "pyproject-nix",
        "repo": "build-system-pkgs",
        "type": "github"
      }
    },
    "pyproject-nix": {
      "inputs": {
        "nixpkgs": [
          "nixpkgs"
        ]
      },
      "locked": {
        "lastModified": 1780416763,
        "narHash": "sha256-rRK3IFixgsrK6S3e14Xz9HAZm7+kMAIl3oi5zZlcwYI=",
        "owner": "pyproject-nix",
        "repo": "pyproject.nix",
        "rev": "ad83f1ead0e78e57b188f35cb57298affb06fc5f",
        "type": "github"
      },
      "original": {
        "owner": "pyproject-nix",
        "repo": "pyproject.nix",
        "type": "github"
      }
    },
    "root": {
      "inputs": {
        "backupmgr": "backupmgr",
        "build-gradle-application": "build-gradle-application",
        "darksignsonline": "darksignsonline",
        "e621dumper": "e621dumper",
        "fadumper": "fadumper",
        "flake-utils": "flake-utils",
        "foxIngress": "foxIngress",
        "foxcaves": "foxcaves",
        "gitbackup": "gitbackup",
        "home-manager": "home-manager",
        "impermanence": "impermanence",
        "lanzaboote": "lanzaboote",
        "nixpkgs": "nixpkgs",
        "oauth-jit-radius": "oauth-jit-radius",
        "pyproject-build-systems": "pyproject-build-systems",
        "pyproject-nix": "pyproject-nix",
        "sops-nix": "sops-nix",
        "spaceage-api": "spaceage-api",
        "spaceage-starlord": "spaceage-starlord",
        "spaceage-tts": "spaceage-tts",
        "spaceage-website": "spaceage-website",
        "superfan": "superfan",
        "systems": "systems",
        "tapemgr": "tapemgr",
        "uds-proxy": "uds-proxy",
        "uv2nix": "uv2nix"
      }
    },
    "rust-overlay": {
      "inputs": {
        "nixpkgs": [
          "lanzaboote",
          "nixpkgs"
        ]
      },
      "locked": {
        "lastModified": 1765075567,
        "narHash": "sha256-KFDCdQcHJ0hE3Nt5Gm5enRIhmtEifAjpxgUQ3mzSJpA=",
        "owner": "oxalica",
        "repo": "rust-overlay",
        "rev": "769156779b41e8787a46ca3d7d76443aaf68be6f",
        "type": "github"
      },
      "original": {
        "owner": "oxalica",
        "repo": "rust-overlay",
        "type": "github"
      }
    },
    "sops-nix": {
      "inputs": {
        "nixpkgs": [
          "nixpkgs"
        ]
      },
      "locked": {
        "lastModified": 1777944972,
        "narHash": "sha256-VfGRo1qTBKOe3s2gOv8LSoA6Fk19PvBlwQ1ECN0Evn8=",
        "owner": "Mic92",
        "repo": "sops-nix",
        "rev": "c591bf665727040c6cc5cb409079acb22dcce33c",
        "type": "github"
      },
      "original": {
        "owner": "Mic92",
        "repo": "sops-nix",
        "type": "github"
      }
    },
    "spaceage-api": {
      "inputs": {
        "flake-utils": [
          "flake-utils"
        ],
        "nixpkgs": [
          "nixpkgs"
        ]
      },
      "locked": {
        "lastModified": 1779211454,
        "narHash": "sha256-T7rhdSAu5mvRQtvHHzc2E2p30cUwZ9O1XFKY/u3hwUA=",
        "ref": "refs/heads/main",
        "rev": "1594973079c7a23b8efa405e400bca92b90e8b03",
        "revCount": 419,
        "type": "git",
        "url": "https://git.foxden.network/SpaceAge/space_age_api"
      },
      "original": {
        "type": "git",
        "url": "https://git.foxden.network/SpaceAge/space_age_api"
      }
    },
    "spaceage-starlord": {
      "inputs": {
        "flake-utils": [
          "flake-utils"
        ],
        "nixpkgs": [
          "nixpkgs"
        ],
        "pyproject-build-systems": [
          "pyproject-build-systems"
        ],
        "pyproject-nix": [
          "pyproject-nix"
        ],
        "uv2nix": [
          "uv2nix"
        ]
      },
      "locked": {
        "lastModified": 1779688835,
        "narHash": "sha256-lxe0zCrz7Y2DNgS1HNQ+WFuy50nhlHNgQB+/btXEKUw=",
        "ref": "refs/heads/main",
        "rev": "032dc0af832437185f8eea12d25df59da6825064",
        "revCount": 248,
        "type": "git",
        "url": "https://git.foxden.network/SpaceAge/StarLord"
      },
      "original": {
        "type": "git",
        "url": "https://git.foxden.network/SpaceAge/StarLord"
      }
    },
    "spaceage-tts": {
      "inputs": {
        "flake-utils": [
          "flake-utils"
        ],
        "nixpkgs": [
          "nixpkgs"
        ]
      },
      "locked": {
        "lastModified": 1771463413,
        "narHash": "sha256-8htH1GlOpE9cXBg68jQJ7holVFzD+Y+VRjEqwLuh6qk=",
        "ref": "refs/heads/main",
        "rev": "3574952c0b6d10da61030eeb21d68b8d521b5b4c",
        "revCount": 457,
        "type": "git",
        "url": "https://git.foxden.network/SpaceAge/TTS"
      },
      "original": {
        "type": "git",
        "url": "https://git.foxden.network/SpaceAge/TTS"
      }
    },
    "spaceage-website": {
      "inputs": {
        "flake-utils": [
          "flake-utils"
        ],
        "nix-jekyll-builder": "nix-jekyll-builder",
        "nixpkgs": [
          "nixpkgs"
        ]
      },
      "locked": {
        "lastModified": 1779689446,
        "narHash": "sha256-B8sVwnyPUoBC7QS4KT+vdYwnD1TH88Dlv75B8wAR+hw=",
        "ref": "refs/heads/main",
        "rev": "4987bf39277d9233c9048caf9988b92e67e8177c",
        "revCount": 123,
        "type": "git",
        "url": "https://git.foxden.network/SpaceAge/website"
      },
      "original": {
        "type": "git",
        "url": "https://git.foxden.network/SpaceAge/website"
      }
    },
    "superfan": {
      "inputs": {
        "flake-utils": [
          "flake-utils"
        ],
        "nixpkgs": [
          "nixpkgs"
        ]
      },
      "locked": {
        "lastModified": 1779413914,
        "narHash": "sha256-8qhZKxt+xXyhFIMM8tzkzMDRSQMWVcEkcfS9yHJ5yAs=",
        "ref": "refs/heads/main",
        "rev": "25b7293e633bfc77737819e9579e701d0a8cc410",
        "revCount": 168,
        "type": "git",
        "url": "https://git.foxden.network/FoxDen/superfan"
      },
      "original": {
        "type": "git",
        "url": "https://git.foxden.network/FoxDen/superfan"
      }
    },
    "systems": {
      "locked": {
        "lastModified": 1681028828,
        "narHash": "sha256-Vy1rq5AaRuLzOxct8nz4T6wlgyUR7zLU309k9mBC768=",
        "owner": "nix-systems",
        "repo": "default",
        "rev": "da67096a3b9bf56a91d16901293e51ba5b49a27e",
        "type": "github"
      },
      "original": {
        "owner": "nix-systems",
        "repo": "default",
        "type": "github"
      }
    },
    "tapemgr": {
      "inputs": {
        "flake-utils": [
          "flake-utils"
        ],
        "nixpkgs": [
          "nixpkgs"
        ]
      },
      "locked": {
        "lastModified": 1779413878,
        "narHash": "sha256-8cjsO72adt8ZP48owJnAuOQIAcMQBzFm2IQJd2UeSEU=",
        "ref": "refs/heads/main",
        "rev": "83e6b0281ffc15045fc914552d062724730fbbdf",
        "revCount": 546,
        "type": "git",
        "url": "https://git.foxden.network/FoxDen/tapemgr"
      },
      "original": {
        "type": "git",
        "url": "https://git.foxden.network/FoxDen/tapemgr"
      }
    },
    "uds-proxy": {
      "inputs": {
        "flake-utils": [
          "flake-utils"
        ],
        "nixpkgs": [
          "nixpkgs"
        ]
      },
      "locked": {
        "lastModified": 1779423020,
        "narHash": "sha256-9pYocknirdsDLmDie3syI6WjCYv4HORIaWwMxv1KnWo=",
        "ref": "refs/heads/main",
        "rev": "9a4a888370466747ced4cdda40cd38b1fbbecbe7",
        "revCount": 94,
        "type": "git",
        "url": "https://git.foxden.network/FoxDen/uds-proxy"
      },
      "original": {
        "type": "git",
        "url": "https://git.foxden.network/FoxDen/uds-proxy"
      }
    },
    "uv2nix": {
      "inputs": {
        "nixpkgs": [
          "nixpkgs"
        ],
        "pyproject-nix": [
          "pyproject-nix"
        ]
      },
      "locked": {
        "lastModified": 1780418295,
        "narHash": "sha256-yZVQNvmDx1SFjvlwevywsXWJnieSRqmQr7/fCTMyyd0=",
        "owner": "pyproject-nix",
        "repo": "uv2nix",
        "rev": "0497ccef038da091002be7c05263a7f27820974f",
        "type": "github"
      },
      "original": {
        "owner": "pyproject-nix",
        "repo": "uv2nix",
        "type": "github"
      }
    }
  },
  "root": "root",
  "version": 7
}
